// !$*UTF8*$!
{
	archiveVersion = 1;
	classes = {
	};
	objectVersion = 77;
	objects = {

/* Begin PBXBuildFile section */
		153B1D712FC6EDE500457E98 /* MLValue in Frameworks */ = {isa = PBXBuildFile; productRef = 153B1D702FC6EDE500457E98 /* MLValue */; };
		155315F92F5A2A1C00588F3D /* MLGraph in Frameworks */ = {isa = PBXBuildFile; productRef = 155315F82F5A2A1C00588F3D /* MLGraph */; };
		1574752B2F519BAE00C0D866 /* ORSSerial in Frameworks */ = {isa = PBXBuildFile; productRef = 1574752A2F519BAE00C0D866 /* ORSSerial */; };
		157475812F51CFFA00C0D866 /* MLValue in Frameworks */ = {isa = PBXBuildFile; productRef = 157475802F51CFFA00C0D866 /* MLValue */; };
		15BBEB492FC6D467000680F2 /* MLValue in Frameworks */ = {isa = PBXBuildFile; productRef = 15BBEB482FC6D467000680F2 /* MLValue */; };
		15BBEB4C2FC6D486000680F2 /* MLGraph in Frameworks */ = {isa = PBXBuildFile; productRef = 15BBEB4B2FC6D486000680F2 /* MLGraph */; };
/* End PBXBuildFile section */

/* Begin PBXFileReference section */
		1574751B2F519B7A00C0D866 /* Single Pendulum.app */ = {isa = PBXFileReference; explicitFileType = wrapper.application; includeInIndex = 0; path = "Single Pendulum.app"; sourceTree = BUILT_PRODUCTS_DIR; };
/* End PBXFileReference section */

/* Begin PBXFileSystemSynchronizedRootGroup section */
		1574751D2F519B7A00C0D866 /* Single Pendulum */ = {
			isa = PBXFileSystemSynchronizedRootGroup;
			path = "Single Pendulum";
			sourceTree = "<group>";
		};
/* End PBXFileSystemSynchronizedRootGroup section */

/* Begin PBXFrameworksBuildPhase section */
		157475182F519B7A00C0D866 /* Frameworks */ = {
			isa = PBXFrameworksBuildPhase;
			buildActionMask = 2147483647;
			files = (
				155315F92F5A2A1C00588F3D /* MLGraph in Frameworks */,
				15BBEB4C2FC6D486000680F2 /* MLGraph in Frameworks */,
				15BBEB492FC6D467000680F2 /* MLValue in Frameworks */,
				153B1D712FC6EDE500457E98 /* MLValue in Frameworks */,
				1574752B2F519BAE00C0D866 /* ORSSerial in Frameworks */,
				157475812F51CFFA00C0D866 /* MLValue in Frameworks */,
			);
			runOnlyForDeploymentPostprocessing = 0;
		};
/* End PBXFrameworksBuildPhase section */

/* Begin PBXGroup section */
		157475122F519B7A00C0D866 = {
			isa = PBXGroup;
			children = (
				1574751D2F519B7A00C0D866 /* Single Pendulum */,
				1574751C2F519B7A00C0D866 /* Products */,
			);
			sourceTree = "<group>";
		};
		1574751C2F519B7A00C0D866 /* Products */ = {
			isa = PBXGroup;
			children = (
				1574751B2F519B7A00C0D866 /* Single Pendulum.app */,
			);
			name = Products;
			sourceTree = "<group>";
		};
/* End PBXGroup section */

/* Begin PBXNativeTarget section */
		1574751A2F519B7A00C0D866 /* Single Pendulum */ = {
			isa = PBXNativeTarget;
			buildConfigurationList = 157475262F519B7B00C0D866 /* Build configuration list for PBXNativeTarget "Single Pendulum" */;
			buildPhases = (
				157475172F519B7A00C0D866 /* Sources */,
				157475182F519B7A00C0D866 /* Frameworks */,
				157475192F519B7A00C0D866 /* Resources */,
			);
			buildRules = (
			);
			dependencies = (
			);
			fileSystemSynchronizedGroups = (
				1574751D2F519B7A00C0D866 /* Single Pendulum */,
			);
			name = "Single Pendulum";
			packageProductDependencies = (
				1574752A2F519BAE00C0D866 /* ORSSerial */,
				157475802F51CFFA00C0D866 /* MLValue */,
				155315F82F5A2A1C00588F3D /* MLGraph */,
				15BBEB482FC6D467000680F2 /* MLValue */,
				15BBEB4B2FC6D486000680F2 /* MLGraph */,
				153B1D702FC6EDE500457E98 /* MLValue */,
			);
			productName = "Single Pendulum";
			productReference = 1574751B2F519B7A00C0D866 /* Single Pendulum.app */;
			productType = "com.apple.product-type.application";
		};
/* End PBXNativeTarget section */

/* Begin PBXProject section */
		157475132F519B7A00C0D866 /* Project object */ = {
			isa = PBXProject;
			attributes = {
				BuildIndependentTargetsInParallel = 1;
				LastSwiftUpdateCheck = 2620;
				LastUpgradeCheck = 2620;
				TargetAttributes = {
					1574751A2F519B7A00C0D866 = {
						CreatedOnToolsVersion = 26.2;
					};
				};
			};
			buildConfigurationList = 157475162F519B7A00C0D866 /* Build configuration list for PBXProject "Single Pendulum" */;
			developmentRegion = en;
			hasScannedForEncodings = 0;
			knownRegions = (
				en,
				Base,
			);
			mainGroup = 157475122F519B7A00C0D866;
			minimizedProjectReferenceProxies = 1;
			packageReferences = (
				157475292F519BAE00C0D866 /* XCRemoteSwiftPackageReference "ORSSerialPort" */,
				15BBEB4A2FC6D486000680F2 /* XCRemoteSwiftPackageReference "MLGraph" */,
				153B1D6F2FC6EDE500457E98 /* XCRemoteSwiftPackageReference "MLValue" */,
			);
			preferredProjectObjectVersion = 77;
			productRefGroup = 1574751C2F519B7A00C0D866 /* Products */;
			projectDirPath = "";
			projectRoot = "";
			targets = (
				1574751A2F519B7A00C0D866 /* Single Pendulum */,
			);
		};
/* End PBXProject section */

/* Begin PBXResourcesBuildPhase section */
		157475192F519B7A00C0D866 /* Resources */ = {
			isa = PBXResourcesBuildPhase;
			buildActionMask = 2147483647;
			files = (
			);
			runOnlyForDeploymentPostprocessing = 0;
		};
/* End PBXResourcesBuildPhase section */

/* Begin PBXSourcesBuildPhase section */
		157475172F519B7A00C0D866 /* Sources */ = {
			isa = PBXSourcesBuildPhase;
			buildActionMask = 2147483647;
			files = (
			);
			runOnlyForDeploymentPostprocessing = 0;
		};
/* End PBXSourcesBuildPhase section */

/* Begin XCBuildConfiguration section */
		157475242F519B7B00C0D866 /* Debug */ = {
			isa = XCBuildConfiguration;
			buildSettings = {
				ALWAYS_SEARCH_USER_PATHS = NO;
				ASSETCATALOG_COMPILER_GENERATE_SWIFT_ASSET_SYMBOL_EXTENSIONS = YES;
				CLANG_ANALYZER_NONNULL = YES;
				CLANG_ANALYZER_NUMBER_OBJECT_CONVERSION = YES_AGGRESSIVE;
				CLANG_CXX_LANGUAGE_STANDARD = "gnu++20";
				CLANG_ENABLE_MODULES = YES;
				CLANG_ENABLE_OBJC_ARC = YES;
				CLANG_ENABLE_OBJC_WEAK = YES;
				CLANG_WARN_BLOCK_CAPTURE_AUTORELEASING = YES;
				CLANG_WARN_BOOL_CONVERSION = YES;
				CLANG_WARN_COMMA = YES;
				CLANG_WARN_CONSTANT_CONVERSION = YES;
				CLANG_WARN_DEPRECATED_OBJC_IMPLEMENTATIONS = YES;
				CLANG_WARN_DIRECT_OBJC_ISA_USAGE = YES_ERROR;
				CLANG_WARN_DOCUMENTATION_COMMENTS = YES;
				CLANG_WARN_EMPTY_BODY = YES;
				CLANG_WARN_ENUM_CONVERSION = YES;
				CLANG_WARN_INFINITE_RECURSION = YES;
				CLANG_WARN_INT_CONVERSION = YES;
				CLANG_WARN_NON_LITERAL_NULL_CONVERSION = YES;
				CLANG_WARN_OBJC_IMPLICIT_RETAIN_SELF = YES;
				CLANG_WARN_OBJC_LITERAL_CONVERSION = YES;
				CLANG_WARN_OBJC_ROOT_CLASS = YES_ERROR;
				CLANG_WARN_QUOTED_INCLUDE_IN_FRAMEWORK_HEADER = YES;
				CLANG_WARN_RANGE_LOOP_ANALYSIS = YES;
				CLANG_WARN_STRICT_PROTOTYPES = YES;
				CLANG_WARN_SUSPICIOUS_MOVE = YES;
				CLANG_WARN_UNGUARDED_AVAILABILITY = YES_AGGRESSIVE;
				CLANG_WARN_UNREACHABLE_CODE = YES;
				CLANG_WARN__DUPLICATE_METHOD_MATCH = YES;
				COPY_PHASE_STRIP = NO;
				DEBUG_INFORMATION_FORMAT = dwarf;
				DEVELOPMENT_TEAM = 4BPN8WLUZZ;
				ENABLE_STRICT_OBJC_MSGSEND = YES;
				ENABLE_TESTABILITY = YES;
				ENABLE_USER_SCRIPT_SANDBOXING = YES;
				GCC_C_LANGUAGE_STANDARD = gnu17;
				GCC_DYNAMIC_NO_PIC = NO;
				GCC_NO_COMMON_BLOCKS = YES;
				GCC_OPTIMIZATION_LEVEL = 0;
				GCC_PREPROCESSOR_DEFINITIONS = (
					"DEBUG=1",
					"$(inherited)",
				);
				GCC_WARN_64_TO_32_BIT_CONVERSION = YES;
				GCC_WARN_ABOUT_RETURN_TYPE = YES_ERROR;
				GCC_WARN_UNDECLARED_SELECTOR = YES;
				GCC_WARN_UNINITIALIZED_AUTOS = YES_AGGRESSIVE;
				GCC_WARN_UNUSED_FUNCTION = YES;
				GCC_WARN_UNUSED_VARIABLE = YES;
				LOCALIZATION_PREFERS_STRING_CATALOGS = YES;
				MACOSX_DEPLOYMENT_TARGET = 15.7;
				MTL_ENABLE_DEBUG_INFO = INCLUDE_SOURCE;
				MTL_FAST_MATH = YES;
				ONLY_ACTIVE_ARCH = YES;
				SDKROOT = macosx;
				SWIFT_ACTIVE_COMPILATION_CONDITIONS = "DEBUG $(inherited)";
				SWIFT_OPTIMIZATION_LEVEL = "-Onone";
			};
			name = Debug;
		};
		157475252F519B7B00C0D866 /* Release */ = {
			isa = XCBuildConfiguration;
			buildSettings = {
				ALWAYS_SEARCH_USER_PATHS = NO;
				ASSETCATALOG_COMPILER_GENERATE_SWIFT_ASSET_SYMBOL_EXTENSIONS = YES;
				CLANG_ANALYZER_NONNULL = YES;
				CLANG_ANALYZER_NUMBER_OBJECT_CONVERSION = YES_AGGRESSIVE;
				CLANG_CXX_LANGUAGE_STANDARD = "gnu++20";
				CLANG_ENABLE_MODULES = YES;
				CLANG_ENABLE_OBJC_ARC = YES;
				CLANG_ENABLE_OBJC_WEAK = YES;
				CLANG_WARN_BLOCK_CAPTURE_AUTORELEASING = YES;
				CLANG_WARN_BOOL_CONVERSION = YES;
				CLANG_WARN_COMMA = YES;
				CLANG_WARN_CONSTANT_CONVERSION = YES;
				CLANG_WARN_DEPRECATED_OBJC_IMPLEMENTATIONS = YES;
				CLANG_WARN_DIRECT_OBJC_ISA_USAGE = YES_ERROR;
				CLANG_WARN_DOCUMENTATION_COMMENTS = YES;
				CLANG_WARN_EMPTY_BODY = YES;
				CLANG_WARN_ENUM_CONVERSION = YES;
				CLANG_WARN_INFINITE_RECURSION = YES;
				CLANG_WARN_INT_CONVERSION = YES;
				CLANG_WARN_NON_LITERAL_NULL_CONVERSION = YES;
				CLANG_WARN_OBJC_IMPLICIT_RETAIN_SELF = YES;
				CLANG_WARN_OBJC_LITERAL_CONVERSION = YES;
				CLANG_WARN_OBJC_ROOT_CLASS = YES_ERROR;
				CLANG_WARN_QUOTED_INCLUDE_IN_FRAMEWORK_HEADER = YES;
				CLANG_WARN_RANGE_LOOP_ANALYSIS = YES;
				CLANG_WARN_STRICT_PROTOTYPES = YES;
				CLANG_WARN_SUSPICIOUS_MOVE = YES;
				CLANG_WARN_UNGUARDED_AVAILABILITY = YES_AGGRESSIVE;
				CLANG_WARN_UNREACHABLE_CODE = YES;
				CLANG_WARN__DUPLICATE_METHOD_MATCH = YES;
				COPY_PHASE_STRIP = NO;
				DEBUG_INFORMATION_FORMAT = "dwarf-with-dsym";
				DEVELOPMENT_TEAM = 4BPN8WLUZZ;
				ENABLE_NS_ASSERTIONS = NO;
				ENABLE_STRICT_OBJC_MSGSEND = YES;
				ENABLE_USER_SCRIPT_SANDBOXING = YES;
				GCC_C_LANGUAGE_STANDARD = gnu17;
				GCC_NO_COMMON_BLOCKS = YES;
				GCC_WARN_64_TO_32_BIT_CONVERSION = YES;
				GCC_WARN_ABOUT_RETURN_TYPE = YES_ERROR;
				GCC_WARN_UNDECLARED_SELECTOR = YES;
				GCC_WARN_UNINITIALIZED_AUTOS = YES_AGGRESSIVE;
				GCC_WARN_UNUSED_FUNCTION = YES;
				GCC_WARN_UNUSED_VARIABLE = YES;
				LOCALIZATION_PREFERS_STRING_CATALOGS = YES;
				MACOSX_DEPLOYMENT_TARGET = 15.7;
				MTL_ENABLE_DEBUG_INFO = NO;
				MTL_FAST_MATH = YES;
				SDKROOT = macosx;
				SWIFT_COMPILATION_MODE = wholemodule;
			};
			name = Release;
		};
		157475272F519B7B00C0D866 /* Debug */ = {
			isa = XCBuildConfiguration;
			buildSettings = {
				ASSETCATALOG_COMPILER_APPICON_NAME = AppIcon;
				ASSETCATALOG_COMPILER_GLOBAL_ACCENT_COLOR_NAME = AccentColor;
				CODE_SIGN_STYLE = Automatic;
				COMBINE_HIDPI_IMAGES = YES;
				CURRENT_PROJECT_VERSION = 1;
				DEVELOPMENT_TEAM = 4BPN8WLUZZ;
				ENABLE_APP_SANDBOX = NO;
				ENABLE_HARDENED_RUNTIME = YES;
				ENABLE_PREVIEWS = YES;
				GENERATE_INFOPLIST_FILE = YES;
				INFOPLIST_KEY_NSHumanReadableCopyright = "";
				LD_RUNPATH_SEARCH_PATHS = (
					"$(inherited)",
					"@executable_path/../Frameworks",
				);
				MARKETING_VERSION = 1.0;
				PRODUCT_BUNDLE_IDENTIFIER = "magdi.laoun-gmail.com.Single-Pendulum";
				PRODUCT_NAME = "$(TARGET_NAME)";
				REGISTER_APP_GROUPS = YES;
				STRING_CATALOG_GENERATE_SYMBOLS = YES;
				SWIFT_APPROACHABLE_CONCURRENCY = YES;
				SWIFT_DEFAULT_ACTOR_ISOLATION = MainActor;
				SWIFT_EMIT_LOC_STRINGS = YES;
				SWIFT_UPCOMING_FEATURE_MEMBER_IMPORT_VISIBILITY = YES;
				SWIFT_VERSION = 5.0;
			};
			name = Debug;
		};
		157475282F519B7B00C0D866 /* Release */ = {
			isa = XCBuildConfiguration;
			buildSettings = {
				ASSETCATALOG_COMPILER_APPICON_NAME = AppIcon;
				ASSETCATALOG_COMPILER_GLOBAL_ACCENT_COLOR_NAME = AccentColor;
				CODE_SIGN_STYLE = Automatic;
				COMBINE_HIDPI_IMAGES = YES;
				CURRENT_PROJECT_VERSION = 1;
				DEVELOPMENT_TEAM = 4BPN8WLUZZ;
				ENABLE_APP_SANDBOX = NO;
				ENABLE_HARDENED_RUNTIME = YES;
				ENABLE_PREVIEWS = YES;
				GENERATE_INFOPLIST_FILE = YES;
				INFOPLIST_KEY_NSHumanReadableCopyright = "";
				LD_RUNPATH_SEARCH_PATHS = (
					"$(inherited)",
					"@executable_path/../Frameworks",
				);
				MARKETING_VERSION = 1.0;
				PRODUCT_BUNDLE_IDENTIFIER = "magdi.laoun-gmail.com.Single-Pendulum";
				PRODUCT_NAME = "$(TARGET_NAME)";
				REGISTER_APP_GROUPS = YES;
				STRING_CATALOG_GENERATE_SYMBOLS = YES;
				SWIFT_APPROACHABLE_CONCURRENCY = YES;
				SWIFT_DEFAULT_ACTOR_ISOLATION = MainActor;
				SWIFT_EMIT_LOC_STRINGS = YES;
				SWIFT_UPCOMING_FEATURE_MEMBER_IMPORT_VISIBILITY = YES;
				SWIFT_VERSION = 5.0;
			};
			name = Release;
		};
/* End XCBuildConfiguration section */

/* Begin XCConfigurationList section */
		157475162F519B7A00C0D866 /* Build configuration list for PBXProject "Single Pendulum" */ = {
			isa = XCConfigurationList;
			buildConfigurations = (
				157475242F519B7B00C0D866 /* Debug */,
				157475252F519B7B00C0D866 /* Release */,
			);
			defaultConfigurationIsVisible = 0;
			defaultConfigurationName = Release;
		};
		157475262F519B7B00C0D866 /* Build configuration list for PBXNativeTarget "Single Pendulum" */ = {
			isa = XCConfigurationList;
			buildConfigurations = (
				157475272F519B7B00C0D866 /* Debug */,
				157475282F519B7B00C0D866 /* Release */,
			);
			defaultConfigurationIsVisible = 0;
			defaultConfigurationName = Release;
		};
/* End XCConfigurationList section */

/* Begin XCRemoteSwiftPackageReference section */
		153B1D6F2FC6EDE500457E98 /* XCRemoteSwiftPackageReference "MLValue" */ = {
			isa = XCRemoteSwiftPackageReference;
			repositoryURL = "https://github.com/MagdiLaoun/MLValue.git";
			requirement = {
				kind = upToNextMajorVersion;
				minimumVersion = 1.0.0;
			};
		};
		157475292F519BAE00C0D866 /* XCRemoteSwiftPackageReference "ORSSerialPort" */ = {
			isa = XCRemoteSwiftPackageReference;
			repositoryURL = "https://github.com/armadsen/ORSSerialPort";
			requirement = {
				kind = upToNextMajorVersion;
				minimumVersion = 2.1.0;
			};
		};
		15BBEB4A2FC6D486000680F2 /* XCRemoteSwiftPackageReference "MLGraph" */ = {
			isa = XCRemoteSwiftPackageReference;
			repositoryURL = "https://github.com/MagdiLaoun/MLGraph.git";
			requirement = {
				kind = upToNextMajorVersion;
				minimumVersion = 1.0.1;
			};
		};
/* End XCRemoteSwiftPackageReference section */

/* Begin XCSwiftPackageProductDependency section */
		153B1D702FC6EDE500457E98 /* MLValue */ = {
			isa = XCSwiftPackageProductDependency;
			package = 153B1D6F2FC6EDE500457E98 /* XCRemoteSwiftPackageReference "MLValue" */;
			productName = MLValue;
		};
		155315F82F5A2A1C00588F3D /* MLGraph */ = {
			isa = XCSwiftPackageProductDependency;
			productName = MLGraph;
		};
		1574752A2F519BAE00C0D866 /* ORSSerial */ = {
			isa = XCSwiftPackageProductDependency;
			package = 157475292F519BAE00C0D866 /* XCRemoteSwiftPackageReference "ORSSerialPort" */;
			productName = ORSSerial;
		};
		157475802F51CFFA00C0D866 /* MLValue */ = {
			isa = XCSwiftPackageProductDependency;
			productName = MLValue;
		};
		15BBEB482FC6D467000680F2 /* MLValue */ = {
			isa = XCSwiftPackageProductDependency;
			productName = MLValue;
		};
		15BBEB4B2FC6D486000680F2 /* MLGraph */ = {
			isa = XCSwiftPackageProductDependency;
			package = 15BBEB4A2FC6D486000680F2 /* XCRemoteSwiftPackageReference "MLGraph" */;
			productName = MLGraph;
		};
/* End XCSwiftPackageProductDependency section */
	};
	rootObject = 157475132F519B7A00C0D866 /* Project object */;
}
