{
  "originHash" : "62cf11e76357e029d0281fa5b0dfd809e0a5a591cc52018cd79752f676f497a6",
  "pins" : [
    {
      "identity" : "mlelements",
      "kind" : "remoteSourceControl",
      "location" : "https://github.com/MagdiLaoun/MLElements.git",
      "state" : {
        "revision" : "ba9a70e3c95b1d873e7cf3e14017900e514e357a",
        "version" : "1.1.0"
      }
    },
    {
      "identity" : "mlgraph",
      "kind" : "remoteSourceControl",
      "location" : "https://github.com/MagdiLaoun/MLGraph.git",
      "state" : {
        "revision" : "8e15742a1ffb2022275b6cd792cc7d3c52f07d81",
        "version" : "1.0.3"
      }
    },
    {
      "identity" : "mlunit",
      "kind" : "remoteSourceControl",
      "location" : "https://github.com/MagdiLaoun/MLUnit.git",
      "state" : {
        "revision" : "28809b92564f43e760318bdbdbc5d54f4782dca7",
        "version" : "1.0.3"
      }
    },
    {
      "identity" : "mlvalue",
      "kind" : "remoteSourceControl",
      "location" : "https://github.com/MagdiLaoun/MLValue.git",
      "state" : {
        "revision" : "798bc90898ea5c7f277dfd937b9adcc7aec2b3be",
        "version" : "1.0.11"
      }
    },
    {
      "identity" : "orsserialport",
      "kind" : "remoteSourceControl",
      "location" : "https://github.com/armadsen/ORSSerialPort",
      "state" : {
        "revision" : "58a8cc454304e22280f184c2d2e25ecb3d5a74c5",
        "version" : "2.1.0"
      }
    }
  ],
  "version" : 3
}
